
Microsoft Visual Studio Solution File, Format Version 10.00
# Visual Studio 2008
Project("{FAE04EC0-301F-11D3-BF4B-00C04F79EFBC}") = "SACE", "SACE\SACE.csproj", "{19820500-BB4D-4564-8E49-60BE899A7834}"
EndProject
Global
	GlobalSection(SolutionConfigurationPlatforms) = preSolution
		Debug|Any CPU = Debug|Any CPU
		Release|Any CPU = Release|Any CPU
	EndGlobalSection
	GlobalSection(ProjectConfigurationPlatforms) = postSolution
		{19820500-BB4D-4564-8E49-60BE899A7834}.Debug|Any CPU.ActiveCfg = Debug|Any CPU
		{19820500-BB4D-4564-8E49-60BE899A7834}.Debug|Any CPU.Build.0 = Debug|Any CPU
		{19820500-BB4D-4564-8E49-60BE899A7834}.Release|Any CPU.ActiveCfg = Release|Any CPU
		{19820500-BB4D-4564-8E49-60BE899A7834}.Release|Any CPU.Build.0 = Release|Any CPU
	EndGlobalSection
	GlobalSection(SolutionProperties) = preSolution
		HideSolutionNode = FALSE
	EndGlobalSection
EndGlobal
