
Microsoft Visual Studio Solution File, Format Version 12.00
# Visual Studio Version 17
VisualStudioVersion = 17.3.32804.467
MinimumVisualStudioVersion = 10.0.40219.1
Project("{9A19103F-16F7-4668-BE54-9A1E7A4F7556}") = "Telas", "Telas\Telas.csproj", "{0D8A96F1-906C-480D-AA44-F6DB33EE053A}"
EndProject
Project("{9A19103F-16F7-4668-BE54-9A1E7A4F7556}") = "Dominio", "Dominio\Dominio.csproj", "{BE1D60B3-070E-494D-B2BD-5644D4D514C9}"
EndProject
Project("{9A19103F-16F7-4668-BE54-9A1E7A4F7556}") = "Dados", "Dados\Dados.csproj", "{ED0BD3DB-13F0-48D9-866C-16F1D964D695}"
EndProject
Project("{9A19103F-16F7-4668-BE54-9A1E7A4F7556}") = "Negocio", "Negocio\Negocio.csproj", "{57003AB8-22AA-431F-9D57-E7629431F6FB}"
EndProject
Project("{9A19103F-16F7-4668-BE54-9A1E7A4F7556}") = "Util", "Util\Util.csproj", "{BD4ED129-0231-4461-BB61-3AE658E0A098}"
EndProject
Global
	GlobalSection(SolutionConfigurationPlatforms) = preSolution
		Debug|Any CPU = Debug|Any CPU
		Release|Any CPU = Release|Any CPU
	EndGlobalSection
	GlobalSection(ProjectConfigurationPlatforms) = postSolution
		{0D8A96F1-906C-480D-AA44-F6DB33EE053A}.Debug|Any CPU.ActiveCfg = Debug|Any CPU
		{0D8A96F1-906C-480D-AA44-F6DB33EE053A}.Debug|Any CPU.Build.0 = Debug|Any CPU
		{0D8A96F1-906C-480D-AA44-F6DB33EE053A}.Release|Any CPU.ActiveCfg = Release|Any CPU
		{0D8A96F1-906C-480D-AA44-F6DB33EE053A}.Release|Any CPU.Build.0 = Release|Any CPU
		{BE1D60B3-070E-494D-B2BD-5644D4D514C9}.Debug|Any CPU.ActiveCfg = Debug|Any CPU
		{BE1D60B3-070E-494D-B2BD-5644D4D514C9}.Debug|Any CPU.Build.0 = Debug|Any CPU
		{BE1D60B3-070E-494D-B2BD-5644D4D514C9}.Release|Any CPU.ActiveCfg = Release|Any CPU
		{BE1D60B3-070E-494D-B2BD-5644D4D514C9}.Release|Any CPU.Build.0 = Release|Any CPU
		{ED0BD3DB-13F0-48D9-866C-16F1D964D695}.Debug|Any CPU.ActiveCfg = Debug|Any CPU
		{ED0BD3DB-13F0-48D9-866C-16F1D964D695}.Debug|Any CPU.Build.0 = Debug|Any CPU
		{ED0BD3DB-13F0-48D9-866C-16F1D964D695}.Release|Any CPU.ActiveCfg = Release|Any CPU
		{ED0BD3DB-13F0-48D9-866C-16F1D964D695}.Release|Any CPU.Build.0 = Release|Any CPU
		{57003AB8-22AA-431F-9D57-E7629431F6FB}.Debug|Any CPU.ActiveCfg = Debug|Any CPU
		{57003AB8-22AA-431F-9D57-E7629431F6FB}.Debug|Any CPU.Build.0 = Debug|Any CPU
		{57003AB8-22AA-431F-9D57-E7629431F6FB}.Release|Any CPU.ActiveCfg = Release|Any CPU
		{57003AB8-22AA-431F-9D57-E7629431F6FB}.Release|Any CPU.Build.0 = Release|Any CPU
		{BD4ED129-0231-4461-BB61-3AE658E0A098}.Debug|Any CPU.ActiveCfg = Debug|Any CPU
		{BD4ED129-0231-4461-BB61-3AE658E0A098}.Debug|Any CPU.Build.0 = Debug|Any CPU
		{BD4ED129-0231-4461-BB61-3AE658E0A098}.Release|Any CPU.ActiveCfg = Release|Any CPU
		{BD4ED129-0231-4461-BB61-3AE658E0A098}.Release|Any CPU.Build.0 = Release|Any CPU
	EndGlobalSection
	GlobalSection(SolutionProperties) = preSolution
		HideSolutionNode = FALSE
	EndGlobalSection
	GlobalSection(ExtensibilityGlobals) = postSolution
		SolutionGuid = {5C5C42A8-09B1-43AC-BBBD-7FF3861265CB}
	EndGlobalSection
EndGlobal
