
Microsoft Visual Studio Solution File, Format Version 12.00
# Visual Studio Version 17
VisualStudioVersion = 17.6.33801.468
MinimumVisualStudioVersion = 10.0.40219.1
Project("{9A19103F-16F7-4668-BE54-9A1E7A4F7556}") = "Dados", "Dados\Dados.csproj", "{78C4F71D-07C7-451D-B987-A252EAA5895C}"
EndProject
Project("{9A19103F-16F7-4668-BE54-9A1E7A4F7556}") = "Negocio", "Negocio\Negocio.csproj", "{5E448DBA-3B83-4AA7-B4DD-94FDD6EB5CC4}"
EndProject
Project("{9A19103F-16F7-4668-BE54-9A1E7A4F7556}") = "Util", "Util\Util.csproj", "{CBA182F8-C158-4DE9-BAA2-199486B9C53C}"
EndProject
Project("{9A19103F-16F7-4668-BE54-9A1E7A4F7556}") = "Sace", "Sace\Sace.csproj", "{44D8ABB4-3FBB-4883-B865-1928E7F3DB0C}"
EndProject
Project("{9A19103F-16F7-4668-BE54-9A1E7A4F7556}") = "Dominio", "Dominio\Dominio.csproj", "{1CA5DAF5-91D2-4C17-AC4A-39FC84123F94}"
EndProject
Global
	GlobalSection(SolutionConfigurationPlatforms) = preSolution
		Debug|Any CPU = Debug|Any CPU
		Release|Any CPU = Release|Any CPU
	EndGlobalSection
	GlobalSection(ProjectConfigurationPlatforms) = postSolution
		{78C4F71D-07C7-451D-B987-A252EAA5895C}.Debug|Any CPU.ActiveCfg = Debug|Any CPU
		{78C4F71D-07C7-451D-B987-A252EAA5895C}.Debug|Any CPU.Build.0 = Debug|Any CPU
		{78C4F71D-07C7-451D-B987-A252EAA5895C}.Release|Any CPU.ActiveCfg = Release|Any CPU
		{78C4F71D-07C7-451D-B987-A252EAA5895C}.Release|Any CPU.Build.0 = Release|Any CPU
		{5E448DBA-3B83-4AA7-B4DD-94FDD6EB5CC4}.Debug|Any CPU.ActiveCfg = Debug|Any CPU
		{5E448DBA-3B83-4AA7-B4DD-94FDD6EB5CC4}.Debug|Any CPU.Build.0 = Debug|Any CPU
		{5E448DBA-3B83-4AA7-B4DD-94FDD6EB5CC4}.Release|Any CPU.ActiveCfg = Release|Any CPU
		{5E448DBA-3B83-4AA7-B4DD-94FDD6EB5CC4}.Release|Any CPU.Build.0 = Release|Any CPU
		{CBA182F8-C158-4DE9-BAA2-199486B9C53C}.Debug|Any CPU.ActiveCfg = Debug|Any CPU
		{CBA182F8-C158-4DE9-BAA2-199486B9C53C}.Debug|Any CPU.Build.0 = Debug|Any CPU
		{CBA182F8-C158-4DE9-BAA2-199486B9C53C}.Release|Any CPU.ActiveCfg = Release|Any CPU
		{CBA182F8-C158-4DE9-BAA2-199486B9C53C}.Release|Any CPU.Build.0 = Release|Any CPU
		{44D8ABB4-3FBB-4883-B865-1928E7F3DB0C}.Debug|Any CPU.ActiveCfg = Debug|Any CPU
		{44D8ABB4-3FBB-4883-B865-1928E7F3DB0C}.Debug|Any CPU.Build.0 = Debug|Any CPU
		{44D8ABB4-3FBB-4883-B865-1928E7F3DB0C}.Release|Any CPU.ActiveCfg = Release|Any CPU
		{44D8ABB4-3FBB-4883-B865-1928E7F3DB0C}.Release|Any CPU.Build.0 = Release|Any CPU
		{1CA5DAF5-91D2-4C17-AC4A-39FC84123F94}.Debug|Any CPU.ActiveCfg = Debug|Any CPU
		{1CA5DAF5-91D2-4C17-AC4A-39FC84123F94}.Debug|Any CPU.Build.0 = Debug|Any CPU
		{1CA5DAF5-91D2-4C17-AC4A-39FC84123F94}.Release|Any CPU.ActiveCfg = Release|Any CPU
		{1CA5DAF5-91D2-4C17-AC4A-39FC84123F94}.Release|Any CPU.Build.0 = Release|Any CPU
	EndGlobalSection
	GlobalSection(SolutionProperties) = preSolution
		HideSolutionNode = FALSE
	EndGlobalSection
	GlobalSection(ExtensibilityGlobals) = postSolution
		SolutionGuid = {7BE08EB0-44EA-4625-AFE8-9394890EF2D5}
	EndGlobalSection
EndGlobal
